
Microsoft Visual Studio Solution File, Format Version 12.00
# Visual Studio 15
VisualStudioVersion = 15.0.28010.2041
MinimumVisualStudioVersion = 10.0.40219.1
Project("{FAE04EC0-301F-11D3-BF4B-00C04F79EFBC}") = "Kossmonautes.Api", "Kossmonautes.Api\Kossmonautes.Api.csproj", "{B73AD707-4D24-4D4B-B153-8A9880F37B66}"
EndProject
Global
	GlobalSection(SolutionConfigurationPlatforms) = preSolution
		Debug|Any CPU = Debug|Any CPU
		Release|Any CPU = Release|Any CPU
	EndGlobalSection
	GlobalSection(ProjectConfigurationPlatforms) = postSolution
		{B73AD707-4D24-4D4B-B153-8A9880F37B66}.Debug|Any CPU.ActiveCfg = Debug|Any CPU
		{B73AD707-4D24-4D4B-B153-8A9880F37B66}.Debug|Any CPU.Build.0 = Debug|Any CPU
		{B73AD707-4D24-4D4B-B153-8A9880F37B66}.Release|Any CPU.ActiveCfg = Release|Any CPU
		{B73AD707-4D24-4D4B-B153-8A9880F37B66}.Release|Any CPU.Build.0 = Release|Any CPU
	EndGlobalSection
	GlobalSection(SolutionProperties) = preSolution
		HideSolutionNode = FALSE
	EndGlobalSection
	GlobalSection(ExtensibilityGlobals) = postSolution
		SolutionGuid = {DC11F8A9-D32A-4368-A4E9-0E686F261F70}
	EndGlobalSection
EndGlobal
