
Microsoft Visual Studio Solution File, Format Version 12.00
# Visual Studio 15
VisualStudioVersion = 15.0.28010.2041
MinimumVisualStudioVersion = 10.0.40219.1
Project("{FAE04EC0-301F-11D3-BF4B-00C04F79EFBC}") = "Kossmonautes.Identity", "Kossmonautes.Identity\Kossmonautes.Identity.csproj", "{66AC69F4-E46A-420A-9E9B-B01387D89E9F}"
EndProject
Global
	GlobalSection(SolutionConfigurationPlatforms) = preSolution
		Debug|Any CPU = Debug|Any CPU
		Release|Any CPU = Release|Any CPU
	EndGlobalSection
	GlobalSection(ProjectConfigurationPlatforms) = postSolution
		{66AC69F4-E46A-420A-9E9B-B01387D89E9F}.Debug|Any CPU.ActiveCfg = Debug|Any CPU
		{66AC69F4-E46A-420A-9E9B-B01387D89E9F}.Debug|Any CPU.Build.0 = Debug|Any CPU
		{66AC69F4-E46A-420A-9E9B-B01387D89E9F}.Release|Any CPU.ActiveCfg = Release|Any CPU
		{66AC69F4-E46A-420A-9E9B-B01387D89E9F}.Release|Any CPU.Build.0 = Release|Any CPU
	EndGlobalSection
	GlobalSection(SolutionProperties) = preSolution
		HideSolutionNode = FALSE
	EndGlobalSection
	GlobalSection(ExtensibilityGlobals) = postSolution
		SolutionGuid = {22DD2947-78A2-4B9A-A300-3C871EC34C32}
	EndGlobalSection
EndGlobal
